
Microsoft Visual Studio Solution File, Format Version 12.00
# Visual Studio Version 16
VisualStudioVersion = 16.0.31205.134
MinimumVisualStudioVersion = 10.0.40219.1
Project("{9A19103F-16F7-4668-BE54-9A1E7A4F7556}") = "AssessmentApi", "AssessmentApi\AssessmentApi.csproj", "{6C40535F-EC28-4160-96ED-95E182D754D8}"
EndProject
Project("{FAE04EC0-301F-11D3-BF4B-00C04F79EFBC}") = "AssessmentApi.UnitTest", "AssessmentApi.UnitTest\AssessmentApi.UnitTest.csproj", "{F7712F9A-958A-4C8B-AA51-08C9A4227E49}"
EndProject
Global
	GlobalSection(SolutionConfigurationPlatforms) = preSolution
		Debug|Any CPU = Debug|Any CPU
		Release|Any CPU = Release|Any CPU
	EndGlobalSection
	GlobalSection(ProjectConfigurationPlatforms) = postSolution
		{6C40535F-EC28-4160-96ED-95E182D754D8}.Debug|Any CPU.ActiveCfg = Debug|Any CPU
		{6C40535F-EC28-4160-96ED-95E182D754D8}.Debug|Any CPU.Build.0 = Debug|Any CPU
		{6C40535F-EC28-4160-96ED-95E182D754D8}.Release|Any CPU.ActiveCfg = Release|Any CPU
		{6C40535F-EC28-4160-96ED-95E182D754D8}.Release|Any CPU.Build.0 = Release|Any CPU
		{F7712F9A-958A-4C8B-AA51-08C9A4227E49}.Debug|Any CPU.ActiveCfg = Debug|Any CPU
		{F7712F9A-958A-4C8B-AA51-08C9A4227E49}.Debug|Any CPU.Build.0 = Debug|Any CPU
		{F7712F9A-958A-4C8B-AA51-08C9A4227E49}.Release|Any CPU.ActiveCfg = Release|Any CPU
		{F7712F9A-958A-4C8B-AA51-08C9A4227E49}.Release|Any CPU.Build.0 = Release|Any CPU
	EndGlobalSection
	GlobalSection(SolutionProperties) = preSolution
		HideSolutionNode = FALSE
	EndGlobalSection
	GlobalSection(ExtensibilityGlobals) = postSolution
		SolutionGuid = {B3FC0215-ED8E-48B5-9ACC-C26FC2638422}
	EndGlobalSection
EndGlobal
